// !$*UTF8*$!
{
	archiveVersion = 1;
	classes = {
	};
	objectVersion = 51;
	objects = {

/* Begin PBXBuildFile section */
		686C48CCC91A87AA3EFC4DC2 /* Pods_Parstagram.framework in Frameworks */ = {isa = PBXBuildFile; fileRef = BAF34F3A0A0C7290213A3DBD /* Pods_Parstagram.framework */; };
		85F788938440E441B233F027 /* Pods_Parstagram_ParstagramUITests.framework in Frameworks */ = {isa = PBXBuildFile; fileRef = BEB78FDB91046CA06C6C47EB /* Pods_Parstagram_ParstagramUITests.framework */; };
		A155FD9049119A83A31494F6 /* Pods_ParstagramTests.framework in Frameworks */ = {isa = PBXBuildFile; fileRef = E627946847CBBC7282BFFD22 /* Pods_ParstagramTests.framework */; };
		AA4BB36C25FC0ED100D5556F /* LoginViewController.swift in Sources */ = {isa = PBXBuildFile; fileRef = AA4BB36B25FC0ED100D5556F /* LoginViewController.swift */; };
		AA4BB37125FC0EDF00D5556F /* FeedViewController.swift in Sources */ = {isa = PBXBuildFile; fileRef = AA4BB37025FC0EDF00D5556F /* FeedViewController.swift */; };
		AA4BB37625FC153800D5556F /* CameraViewController.swift in Sources */ = {isa = PBXBuildFile; fileRef = AA4BB37525FC153800D5556F /* CameraViewController.swift */; };
		AA4BB37B25FC26DB00D5556F /* PostCell.swift in Sources */ = {isa = PBXBuildFile; fileRef = AA4BB37A25FC26DB00D5556F /* PostCell.swift */; };
		AA89201325FC04690068B9DE /* AppDelegate.swift in Sources */ = {isa = PBXBuildFile; fileRef = AA89201225FC04690068B9DE /* AppDelegate.swift */; };
		AA89201525FC04690068B9DE /* SceneDelegate.swift in Sources */ = {isa = PBXBuildFile; fileRef = AA89201425FC04690068B9DE /* SceneDelegate.swift */; };
		AA89201A25FC04690068B9DE /* Main.storyboard in Resources */ = {isa = PBXBuildFile; fileRef = AA89201825FC04690068B9DE /* Main.storyboard */; };
		AA89201C25FC046B0068B9DE /* Assets.xcassets in Resources */ = {isa = PBXBuildFile; fileRef = AA89201B25FC046B0068B9DE /* Assets.xcassets */; };
		AA89201F25FC046B0068B9DE /* LaunchScreen.storyboard in Resources */ = {isa = PBXBuildFile; fileRef = AA89201D25FC046B0068B9DE /* LaunchScreen.storyboard */; };
		AA89202A25FC046B0068B9DE /* ParstagramTests.swift in Sources */ = {isa = PBXBuildFile; fileRef = AA89202925FC046B0068B9DE /* ParstagramTests.swift */; };
		AA89203525FC046B0068B9DE /* ParstagramUITests.swift in Sources */ = {isa = PBXBuildFile; fileRef = AA89203425FC046B0068B9DE /* ParstagramUITests.swift */; };
/* End PBXBuildFile section */

/* Begin PBXContainerItemProxy section */
		AA89202625FC046B0068B9DE /* PBXContainerItemProxy */ = {
			isa = PBXContainerItemProxy;
			containerPortal = AA89200725FC04690068B9DE /* Project object */;
			proxyType = 1;
			remoteGlobalIDString = AA89200E25FC04690068B9DE;
			remoteInfo = Parstagram;
		};
		AA89203125FC046B0068B9DE /* PBXContainerItemProxy */ = {
			isa = PBXContainerItemProxy;
			containerPortal = AA89200725FC04690068B9DE /* Project object */;
			proxyType = 1;
			remoteGlobalIDString = AA89200E25FC04690068B9DE;
			remoteInfo = Parstagram;
		};
/* End PBXContainerItemProxy section */

/* Begin PBXFileReference section */
		1BF95CFD368A7236A23E91F5 /* Pods-Parstagram.release.xcconfig */ = {isa = PBXFileReference; includeInIndex = 1; lastKnownFileType = text.xcconfig; name = "Pods-Parstagram.release.xcconfig"; path = "Target Support Files/Pods-Parstagram/Pods-Parstagram.release.xcconfig"; sourceTree = "<group>"; };
		248499E70CD98A90CB6F9F4F /* Pods-ParstagramTests.release.xcconfig */ = {isa = PBXFileReference; includeInIndex = 1; lastKnownFileType = text.xcconfig; name = "Pods-ParstagramTests.release.xcconfig"; path = "Target Support Files/Pods-ParstagramTests/Pods-ParstagramTests.release.xcconfig"; sourceTree = "<group>"; };
		42CBE31C5B9C4F9A8CBAECA2 /* Pods-Parstagram-ParstagramUITests.debug.xcconfig */ = {isa = PBXFileReference; includeInIndex = 1; lastKnownFileType = text.xcconfig; name = "Pods-Parstagram-ParstagramUITests.debug.xcconfig"; path = "Target Support Files/Pods-Parstagram-ParstagramUITests/Pods-Parstagram-ParstagramUITests.debug.xcconfig"; sourceTree = "<group>"; };
		79EB01BFDA0AFAFEF37F2D82 /* Pods-Parstagram.debug.xcconfig */ = {isa = PBXFileReference; includeInIndex = 1; lastKnownFileType = text.xcconfig; name = "Pods-Parstagram.debug.xcconfig"; path = "Target Support Files/Pods-Parstagram/Pods-Parstagram.debug.xcconfig"; sourceTree = "<group>"; };
		99166A0A9F2CFF3E852E0C6C /* Pods-Parstagram-ParstagramUITests.release.xcconfig */ = {isa = PBXFileReference; includeInIndex = 1; lastKnownFileType = text.xcconfig; name = "Pods-Parstagram-ParstagramUITests.release.xcconfig"; path = "Target Support Files/Pods-Parstagram-ParstagramUITests/Pods-Parstagram-ParstagramUITests.release.xcconfig"; sourceTree = "<group>"; };
		9E33A33A86F13B3192526FC5 /* Pods-ParstagramTests.debug.xcconfig */ = {isa = PBXFileReference; includeInIndex = 1; lastKnownFileType = text.xcconfig; name = "Pods-ParstagramTests.debug.xcconfig"; path = "Target Support Files/Pods-ParstagramTests/Pods-ParstagramTests.debug.xcconfig"; sourceTree = "<group>"; };
		AA4BB36B25FC0ED100D5556F /* LoginViewController.swift */ = {isa = PBXFileReference; lastKnownFileType = sourcecode.swift; path = LoginViewController.swift; sourceTree = "<group>"; };
		AA4BB37025FC0EDF00D5556F /* FeedViewController.swift */ = {isa = PBXFileReference; lastKnownFileType = sourcecode.swift; path = FeedViewController.swift; sourceTree = "<group>"; };
		AA4BB37525FC153800D5556F /* CameraViewController.swift */ = {isa = PBXFileReference; lastKnownFileType = sourcecode.swift; path = CameraViewController.swift; sourceTree = "<group>"; };
		AA4BB37A25FC26DB00D5556F /* PostCell.swift */ = {isa = PBXFileReference; lastKnownFileType = sourcecode.swift; path = PostCell.swift; sourceTree = "<group>"; };
		AA89200F25FC04690068B9DE /* Parstagram.app */ = {isa = PBXFileReference; explicitFileType = wrapper.application; includeInIndex = 0; path = Parstagram.app; sourceTree = BUILT_PRODUCTS_DIR; };
		AA89201225FC04690068B9DE /* AppDelegate.swift */ = {isa = PBXFileReference; lastKnownFileType = sourcecode.swift; path = AppDelegate.swift; sourceTree = "<group>"; };
		AA89201425FC04690068B9DE /* SceneDelegate.swift */ = {isa = PBXFileReference; lastKnownFileType = sourcecode.swift; path = SceneDelegate.swift; sourceTree = "<group>"; };
		AA89201925FC04690068B9DE /* Base */ = {isa = PBXFileReference; lastKnownFileType = file.storyboard; name = Base; path = Base.lproj/Main.storyboard; sourceTree = "<group>"; };
		AA89201B25FC046B0068B9DE /* Assets.xcassets */ = {isa = PBXFileReference; lastKnownFileType = folder.assetcatalog; path = Assets.xcassets; sourceTree = "<group>"; };
		AA89201E25FC046B0068B9DE /* Base */ = {isa = PBXFileReference; lastKnownFileType = file.storyboard; name = Base; path = Base.lproj/LaunchScreen.storyboard; sourceTree = "<group>"; };
		AA89202025FC046B0068B9DE /* Info.plist */ = {isa = PBXFileReference; lastKnownFileType = text.plist.xml; path = Info.plist; sourceTree = "<group>"; };
		AA89202525FC046B0068B9DE /* ParstagramTests.xctest */ = {isa = PBXFileReference; explicitFileType = wrapper.cfbundle; includeInIndex = 0; path = ParstagramTests.xctest; sourceTree = BUILT_PRODUCTS_DIR; };
		AA89202925FC046B0068B9DE /* ParstagramTests.swift */ = {isa = PBXFileReference; lastKnownFileType = sourcecode.swift; path = ParstagramTests.swift; sourceTree = "<group>"; };
		AA89202B25FC046B0068B9DE /* Info.plist */ = {isa = PBXFileReference; lastKnownFileType = text.plist.xml; path = Info.plist; sourceTree = "<group>"; };
		AA89203025FC046B0068B9DE /* ParstagramUITests.xctest */ = {isa = PBXFileReference; explicitFileType = wrapper.cfbundle; includeInIndex = 0; path = ParstagramUITests.xctest; sourceTree = BUILT_PRODUCTS_DIR; };
		AA89203425FC046B0068B9DE /* ParstagramUITests.swift */ = {isa = PBXFileReference; lastKnownFileType = sourcecode.swift; path = ParstagramUITests.swift; sourceTree = "<group>"; };
		AA89203625FC046B0068B9DE /* Info.plist */ = {isa = PBXFileReference; lastKnownFileType = text.plist.xml; path = Info.plist; sourceTree = "<group>"; };
		BAF34F3A0A0C7290213A3DBD /* Pods_Parstagram.framework */ = {isa = PBXFileReference; explicitFileType = wrapper.framework; includeInIndex = 0; path = Pods_Parstagram.framework; sourceTree = BUILT_PRODUCTS_DIR; };
		BEB78FDB91046CA06C6C47EB /* Pods_Parstagram_ParstagramUITests.framework */ = {isa = PBXFileReference; explicitFileType = wrapper.framework; includeInIndex = 0; path = Pods_Parstagram_ParstagramUITests.framework; sourceTree = BUILT_PRODUCTS_DIR; };
		E627946847CBBC7282BFFD22 /* Pods_ParstagramTests.framework */ = {isa = PBXFileReference; explicitFileType = wrapper.framework; includeInIndex = 0; path = Pods_ParstagramTests.framework; sourceTree = BUILT_PRODUCTS_DIR; };
/* End PBXFileReference section */

/* Begin PBXFrameworksBuildPhase section */
		AA89200C25FC04690068B9DE /* Frameworks */ = {
			isa = PBXFrameworksBuildPhase;
			buildActionMask = 2147483647;
			files = (
				686C48CCC91A87AA3EFC4DC2 /* Pods_Parstagram.framework in Frameworks */,
			);
			runOnlyForDeploymentPostprocessing = 0;
		};
		AA89202225FC046B0068B9DE /* Frameworks */ = {
			isa = PBXFrameworksBuildPhase;
			buildActionMask = 2147483647;
			files = (
				A155FD9049119A83A31494F6 /* Pods_ParstagramTests.framework in Frameworks */,
			);
			runOnlyForDeploymentPostprocessing = 0;
		};
		AA89202D25FC046B0068B9DE /* Frameworks */ = {
			isa = PBXFrameworksBuildPhase;
			buildActionMask = 2147483647;
			files = (
				85F788938440E441B233F027 /* Pods_Parstagram_ParstagramUITests.framework in Frameworks */,
			);
			runOnlyForDeploymentPostprocessing = 0;
		};
/* End PBXFrameworksBuildPhase section */

/* Begin PBXGroup section */
		48736F84772B06D5EE9A2D53 /* Pods */ = {
			isa = PBXGroup;
			children = (
				79EB01BFDA0AFAFEF37F2D82 /* Pods-Parstagram.debug.xcconfig */,
				1BF95CFD368A7236A23E91F5 /* Pods-Parstagram.release.xcconfig */,
				42CBE31C5B9C4F9A8CBAECA2 /* Pods-Parstagram-ParstagramUITests.debug.xcconfig */,
				99166A0A9F2CFF3E852E0C6C /* Pods-Parstagram-ParstagramUITests.release.xcconfig */,
				9E33A33A86F13B3192526FC5 /* Pods-ParstagramTests.debug.xcconfig */,
				248499E70CD98A90CB6F9F4F /* Pods-ParstagramTests.release.xcconfig */,
			);
			path = Pods;
			sourceTree = "<group>";
		};
		A5BFCDD295790677CD57260F /* Frameworks */ = {
			isa = PBXGroup;
			children = (
				BAF34F3A0A0C7290213A3DBD /* Pods_Parstagram.framework */,
				BEB78FDB91046CA06C6C47EB /* Pods_Parstagram_ParstagramUITests.framework */,
				E627946847CBBC7282BFFD22 /* Pods_ParstagramTests.framework */,
			);
			name = Frameworks;
			sourceTree = "<group>";
		};
		AA89200625FC04690068B9DE = {
			isa = PBXGroup;
			children = (
				AA89201125FC04690068B9DE /* Parstagram */,
				AA89202825FC046B0068B9DE /* ParstagramTests */,
				AA89203325FC046B0068B9DE /* ParstagramUITests */,
				AA89201025FC04690068B9DE /* Products */,
				48736F84772B06D5EE9A2D53 /* Pods */,
				A5BFCDD295790677CD57260F /* Frameworks */,
			);
			sourceTree = "<group>";
		};
		AA89201025FC04690068B9DE /* Products */ = {
			isa = PBXGroup;
			children = (
				AA89200F25FC04690068B9DE /* Parstagram.app */,
				AA89202525FC046B0068B9DE /* ParstagramTests.xctest */,
				AA89203025FC046B0068B9DE /* ParstagramUITests.xctest */,
			);
			name = Products;
			sourceTree = "<group>";
		};
		AA89201125FC04690068B9DE /* Parstagram */ = {
			isa = PBXGroup;
			children = (
				AA89201225FC04690068B9DE /* AppDelegate.swift */,
				AA89201425FC04690068B9DE /* SceneDelegate.swift */,
				AA89201825FC04690068B9DE /* Main.storyboard */,
				AA89201B25FC046B0068B9DE /* Assets.xcassets */,
				AA89201D25FC046B0068B9DE /* LaunchScreen.storyboard */,
				AA89202025FC046B0068B9DE /* Info.plist */,
				AA4BB36B25FC0ED100D5556F /* LoginViewController.swift */,
				AA4BB37025FC0EDF00D5556F /* FeedViewController.swift */,
				AA4BB37525FC153800D5556F /* CameraViewController.swift */,
				AA4BB37A25FC26DB00D5556F /* PostCell.swift */,
			);
			path = Parstagram;
			sourceTree = "<group>";
		};
		AA89202825FC046B0068B9DE /* ParstagramTests */ = {
			isa = PBXGroup;
			children = (
				AA89202925FC046B0068B9DE /* ParstagramTests.swift */,
				AA89202B25FC046B0068B9DE /* Info.plist */,
			);
			path = ParstagramTests;
			sourceTree = "<group>";
		};
		AA89203325FC046B0068B9DE /* ParstagramUITests */ = {
			isa = PBXGroup;
			children = (
				AA89203425FC046B0068B9DE /* ParstagramUITests.swift */,
				AA89203625FC046B0068B9DE /* Info.plist */,
			);
			path = ParstagramUITests;
			sourceTree = "<group>";
		};
/* End PBXGroup section */

/* Begin PBXNativeTarget section */
		AA89200E25FC04690068B9DE /* Parstagram */ = {
			isa = PBXNativeTarget;
			buildConfigurationList = AA89203925FC046B0068B9DE /* Build configuration list for PBXNativeTarget "Parstagram" */;
			buildPhases = (
				98358EEF998679035920AA66 /* [CP] Check Pods Manifest.lock */,
				AA89200B25FC04690068B9DE /* Sources */,
				AA89200C25FC04690068B9DE /* Frameworks */,
				AA89200D25FC04690068B9DE /* Resources */,
				2EA0587A3FCBCB091B786C2A /* [CP] Embed Pods Frameworks */,
			);
			buildRules = (
			);
			dependencies = (
			);
			name = Parstagram;
			productName = Parstagram;
			productReference = AA89200F25FC04690068B9DE /* Parstagram.app */;
			productType = "com.apple.product-type.application";
		};
		AA89202425FC046B0068B9DE /* ParstagramTests */ = {
			isa = PBXNativeTarget;
			buildConfigurationList = AA89203C25FC046B0068B9DE /* Build configuration list for PBXNativeTarget "ParstagramTests" */;
			buildPhases = (
				B0FA45C7B9F47A20E10A2DEB /* [CP] Check Pods Manifest.lock */,
				AA89202125FC046B0068B9DE /* Sources */,
				AA89202225FC046B0068B9DE /* Frameworks */,
				AA89202325FC046B0068B9DE /* Resources */,
			);
			buildRules = (
			);
			dependencies = (
				AA89202725FC046B0068B9DE /* PBXTargetDependency */,
			);
			name = ParstagramTests;
			productName = ParstagramTests;
			productReference = AA89202525FC046B0068B9DE /* ParstagramTests.xctest */;
			productType = "com.apple.product-type.bundle.unit-test";
		};
		AA89202F25FC046B0068B9DE /* ParstagramUITests */ = {
			isa = PBXNativeTarget;
			buildConfigurationList = AA89203F25FC046B0068B9DE /* Build configuration list for PBXNativeTarget "ParstagramUITests" */;
			buildPhases = (
				0A1E26A24872CF05190F1D7A /* [CP] Check Pods Manifest.lock */,
				AA89202C25FC046B0068B9DE /* Sources */,
				AA89202D25FC046B0068B9DE /* Frameworks */,
				AA89202E25FC046B0068B9DE /* Resources */,
				416886FC4E5CF58B546C0A21 /* [CP] Embed Pods Frameworks */,
			);
			buildRules = (
			);
			dependencies = (
				AA89203225FC046B0068B9DE /* PBXTargetDependency */,
			);
			name = ParstagramUITests;
			productName = ParstagramUITests;
			productReference = AA89203025FC046B0068B9DE /* ParstagramUITests.xctest */;
			productType = "com.apple.product-type.bundle.ui-testing";
		};
/* End PBXNativeTarget section */

/* Begin PBXProject section */
		AA89200725FC04690068B9DE /* Project object */ = {
			isa = PBXProject;
			attributes = {
				LastSwiftUpdateCheck = 1230;
				LastUpgradeCheck = 1230;
				TargetAttributes = {
					AA89200E25FC04690068B9DE = {
						CreatedOnToolsVersion = 12.3;
					};
					AA89202425FC046B0068B9DE = {
						CreatedOnToolsVersion = 12.3;
						TestTargetID = AA89200E25FC04690068B9DE;
					};
					AA89202F25FC046B0068B9DE = {
						CreatedOnToolsVersion = 12.3;
						TestTargetID = AA89200E25FC04690068B9DE;
					};
				};
			};
			buildConfigurationList = AA89200A25FC04690068B9DE /* Build configuration list for PBXProject "Parstagram" */;
			compatibilityVersion = "Xcode 9.3";
			developmentRegion = en;
			hasScannedForEncodings = 0;
			knownRegions = (
				en,
				Base,
			);
			mainGroup = AA89200625FC04690068B9DE;
			productRefGroup = AA89201025FC04690068B9DE /* Products */;
			projectDirPath = "";
			projectRoot = "";
			targets = (
				AA89200E25FC04690068B9DE /* Parstagram */,
				AA89202425FC046B0068B9DE /* ParstagramTests */,
				AA89202F25FC046B0068B9DE /* ParstagramUITests */,
			);
		};
/* End PBXProject section */

/* Begin PBXResourcesBuildPhase section */
		AA89200D25FC04690068B9DE /* Resources */ = {
			isa = PBXResourcesBuildPhase;
			buildActionMask = 2147483647;
			files = (
				AA89201F25FC046B0068B9DE /* LaunchScreen.storyboard in Resources */,
				AA89201C25FC046B0068B9DE /* Assets.xcassets in Resources */,
				AA89201A25FC04690068B9DE /* Main.storyboard in Resources */,
			);
			runOnlyForDeploymentPostprocessing = 0;
		};
		AA89202325FC046B0068B9DE /* Resources */ = {
			isa = PBXResourcesBuildPhase;
			buildActionMask = 2147483647;
			files = (
			);
			runOnlyForDeploymentPostprocessing = 0;
		};
		AA89202E25FC046B0068B9DE /* Resources */ = {
			isa = PBXResourcesBuildPhase;
			buildActionMask = 2147483647;
			files = (
			);
			runOnlyForDeploymentPostprocessing = 0;
		};
/* End PBXResourcesBuildPhase section */

/* Begin PBXShellScriptBuildPhase section */
		0A1E26A24872CF05190F1D7A /* [CP] Check Pods Manifest.lock */ = {
			isa = PBXShellScriptBuildPhase;
			buildActionMask = 2147483647;
			files = (
			);
			inputFileListPaths = (
			);
			inputPaths = (
				"${PODS_PODFILE_DIR_PATH}/Podfile.lock",
				"${PODS_ROOT}/Manifest.lock",
			);
			name = "[CP] Check Pods Manifest.lock";
			outputFileListPaths = (
			);
			outputPaths = (
				"$(DERIVED_FILE_DIR)/Pods-Parstagram-ParstagramUITests-checkManifestLockResult.txt",
			);
			runOnlyForDeploymentPostprocessing = 0;
			shellPath = /bin/sh;
			shellScript = "diff \"${PODS_PODFILE_DIR_PATH}/Podfile.lock\" \"${PODS_ROOT}/Manifest.lock\" > /dev/null\nif [ $? != 0 ] ; then\n    # print error to STDERR\n    echo \"error: The sandbox is not in sync with the Podfile.lock. Run 'pod install' or update your CocoaPods installation.\" >&2\n    exit 1\nfi\n# This output is used by Xcode 'outputs' to avoid re-running this script phase.\necho \"SUCCESS\" > \"${SCRIPT_OUTPUT_FILE_0}\"\n";
			showEnvVarsInLog = 0;
		};
		2EA0587A3FCBCB091B786C2A /* [CP] Embed Pods Frameworks */ = {
			isa = PBXShellScriptBuildPhase;
			buildActionMask = 2147483647;
			files = (
			);
			inputFileListPaths = (
				"${PODS_ROOT}/Target Support Files/Pods-Parstagram/Pods-Parstagram-frameworks-${CONFIGURATION}-input-files.xcfilelist",
			);
			name = "[CP] Embed Pods Frameworks";
			outputFileListPaths = (
				"${PODS_ROOT}/Target Support Files/Pods-Parstagram/Pods-Parstagram-frameworks-${CONFIGURATION}-output-files.xcfilelist",
			);
			runOnlyForDeploymentPostprocessing = 0;
			shellPath = /bin/sh;
			shellScript = "\"${PODS_ROOT}/Target Support Files/Pods-Parstagram/Pods-Parstagram-frameworks.sh\"\n";
			showEnvVarsInLog = 0;
		};
		416886FC4E5CF58B546C0A21 /* [CP] Embed Pods Frameworks */ = {
			isa = PBXShellScriptBuildPhase;
			buildActionMask = 2147483647;
			files = (
			);
			inputFileListPaths = (
				"${PODS_ROOT}/Target Support Files/Pods-Parstagram-ParstagramUITests/Pods-Parstagram-ParstagramUITests-frameworks-${CONFIGURATION}-input-files.xcfilelist",
			);
			name = "[CP] Embed Pods Frameworks";
			outputFileListPaths = (
				"${PODS_ROOT}/Target Support Files/Pods-Parstagram-ParstagramUITests/Pods-Parstagram-ParstagramUITests-frameworks-${CONFIGURATION}-output-files.xcfilelist",
			);
			runOnlyForDeploymentPostprocessing = 0;
			shellPath = /bin/sh;
			shellScript = "\"${PODS_ROOT}/Target Support Files/Pods-Parstagram-ParstagramUITests/Pods-Parstagram-ParstagramUITests-frameworks.sh\"\n";
			showEnvVarsInLog = 0;
		};
		98358EEF998679035920AA66 /* [CP] Check Pods Manifest.lock */ = {
			isa = PBXShellScriptBuildPhase;
			buildActionMask = 2147483647;
			files = (
			);
			inputFileListPaths = (
			);
			inputPaths = (
				"${PODS_PODFILE_DIR_PATH}/Podfile.lock",
				"${PODS_ROOT}/Manifest.lock",
			);
			name = "[CP] Check Pods Manifest.lock";
			outputFileListPaths = (
			);
			outputPaths = (
				"$(DERIVED_FILE_DIR)/Pods-Parstagram-checkManifestLockResult.txt",
			);
			runOnlyForDeploymentPostprocessing = 0;
			shellPath = /bin/sh;
			shellScript = "diff \"${PODS_PODFILE_DIR_PATH}/Podfile.lock\" \"${PODS_ROOT}/Manifest.lock\" > /dev/null\nif [ $? != 0 ] ; then\n    # print error to STDERR\n    echo \"error: The sandbox is not in sync with the Podfile.lock. Run 'pod install' or update your CocoaPods installation.\" >&2\n    exit 1\nfi\n# This output is used by Xcode 'outputs' to avoid re-running this script phase.\necho \"SUCCESS\" > \"${SCRIPT_OUTPUT_FILE_0}\"\n";
			showEnvVarsInLog = 0;
		};
		B0FA45C7B9F47A20E10A2DEB /* [CP] Check Pods Manifest.lock */ = {
			isa = PBXShellScriptBuildPhase;
			buildActionMask = 2147483647;
			files = (
			);
			inputFileListPaths = (
			);
			inputPaths = (
				"${PODS_PODFILE_DIR_PATH}/Podfile.lock",
				"${PODS_ROOT}/Manifest.lock",
			);
			name = "[CP] Check Pods Manifest.lock";
			outputFileListPaths = (
			);
			outputPaths = (
				"$(DERIVED_FILE_DIR)/Pods-ParstagramTests-checkManifestLockResult.txt",
			);
			runOnlyForDeploymentPostprocessing = 0;
			shellPath = /bin/sh;
			shellScript = "diff \"${PODS_PODFILE_DIR_PATH}/Podfile.lock\" \"${PODS_ROOT}/Manifest.lock\" > /dev/null\nif [ $? != 0 ] ; then\n    # print error to STDERR\n    echo \"error: The sandbox is not in sync with the Podfile.lock. Run 'pod install' or update your CocoaPods installation.\" >&2\n    exit 1\nfi\n# This output is used by Xcode 'outputs' to avoid re-running this script phase.\necho \"SUCCESS\" > \"${SCRIPT_OUTPUT_FILE_0}\"\n";
			showEnvVarsInLog = 0;
		};
/* End PBXShellScriptBuildPhase section */

/* Begin PBXSourcesBuildPhase section */
		AA89200B25FC04690068B9DE /* Sources */ = {
			isa = PBXSourcesBuildPhase;
			buildActionMask = 2147483647;
			files = (
				AA4BB36C25FC0ED100D5556F /* LoginViewController.swift in Sources */,
				AA4BB37625FC153800D5556F /* CameraViewController.swift in Sources */,
				AA89201325FC04690068B9DE /* AppDelegate.swift in Sources */,
				AA4BB37125FC0EDF00D5556F /* FeedViewController.swift in Sources */,
				AA89201525FC04690068B9DE /* SceneDelegate.swift in Sources */,
				AA4BB37B25FC26DB00D5556F /* PostCell.swift in Sources */,
			);
			runOnlyForDeploymentPostprocessing = 0;
		};
		AA89202125FC046B0068B9DE /* Sources */ = {
			isa = PBXSourcesBuildPhase;
			buildActionMask = 2147483647;
			files = (
				AA89202A25FC046B0068B9DE /* ParstagramTests.swift in Sources */,
			);
			runOnlyForDeploymentPostprocessing = 0;
		};
		AA89202C25FC046B0068B9DE /* Sources */ = {
			isa = PBXSourcesBuildPhase;
			buildActionMask = 2147483647;
			files = (
				AA89203525FC046B0068B9DE /* ParstagramUITests.swift in Sources */,
			);
			runOnlyForDeploymentPostprocessing = 0;
		};
/* End PBXSourcesBuildPhase section */

/* Begin PBXTargetDependency section */
		AA89202725FC046B0068B9DE /* PBXTargetDependency */ = {
			isa = PBXTargetDependency;
			target = AA89200E25FC04690068B9DE /* Parstagram */;
			targetProxy = AA89202625FC046B0068B9DE /* PBXContainerItemProxy */;
		};
		AA89203225FC046B0068B9DE /* PBXTargetDependency */ = {
			isa = PBXTargetDependency;
			target = AA89200E25FC04690068B9DE /* Parstagram */;
			targetProxy = AA89203125FC046B0068B9DE /* PBXContainerItemProxy */;
		};
/* End PBXTargetDependency section */

/* Begin PBXVariantGroup section */
		AA89201825FC04690068B9DE /* Main.storyboard */ = {
			isa = PBXVariantGroup;
			children = (
				AA89201925FC04690068B9DE /* Base */,
			);
			name = Main.storyboard;
			sourceTree = "<group>";
		};
		AA89201D25FC046B0068B9DE /* LaunchScreen.storyboard */ = {
			isa = PBXVariantGroup;
			children = (
				AA89201E25FC046B0068B9DE /* Base */,
			);
			name = LaunchScreen.storyboard;
			sourceTree = "<group>";
		};
/* End PBXVariantGroup section */

/* Begin XCBuildConfiguration section */
		AA89203725FC046B0068B9DE /* Debug */ = {
			isa = XCBuildConfiguration;
			buildSettings = {
				ALWAYS_SEARCH_USER_PATHS = NO;
				CLANG_ANALYZER_NONNULL = YES;
				CLANG_ANALYZER_NUMBER_OBJECT_CONVERSION = YES_AGGRESSIVE;
				CLANG_CXX_LANGUAGE_STANDARD = "gnu++14";
				CLANG_CXX_LIBRARY = "libc++";
				CLANG_ENABLE_MODULES = YES;
				CLANG_ENABLE_OBJC_ARC = YES;
				CLANG_ENABLE_OBJC_WEAK = YES;
				CLANG_WARN_BLOCK_CAPTURE_AUTORELEASING = YES;
				CLANG_WARN_BOOL_CONVERSION = YES;
				CLANG_WARN_COMMA = YES;
				CLANG_WARN_CONSTANT_CONVERSION = YES;
				CLANG_WARN_DEPRECATED_OBJC_IMPLEMENTATIONS = YES;
				CLANG_WARN_DIRECT_OBJC_ISA_USAGE = YES_ERROR;
				CLANG_WARN_DOCUMENTATION_COMMENTS = YES;
				CLANG_WARN_EMPTY_BODY = YES;
				CLANG_WARN_ENUM_CONVERSION = YES;
				CLANG_WARN_INFINITE_RECURSION = YES;
				CLANG_WARN_INT_CONVERSION = YES;
				CLANG_WARN_NON_LITERAL_NULL_CONVERSION = YES;
				CLANG_WARN_OBJC_IMPLICIT_RETAIN_SELF = YES;
				CLANG_WARN_OBJC_LITERAL_CONVERSION = YES;
				CLANG_WARN_OBJC_ROOT_CLASS = YES_ERROR;
				CLANG_WARN_QUOTED_INCLUDE_IN_FRAMEWORK_HEADER = YES;
				CLANG_WARN_RANGE_LOOP_ANALYSIS = YES;
				CLANG_WARN_STRICT_PROTOTYPES = YES;
				CLANG_WARN_SUSPICIOUS_MOVE = YES;
				CLANG_WARN_UNGUARDED_AVAILABILITY = YES_AGGRESSIVE;
				CLANG_WARN_UNREACHABLE_CODE = YES;
				CLANG_WARN__DUPLICATE_METHOD_MATCH = YES;
				COPY_PHASE_STRIP = NO;
				DEBUG_INFORMATION_FORMAT = dwarf;
				ENABLE_STRICT_OBJC_MSGSEND = YES;
				ENABLE_TESTABILITY = YES;
				GCC_C_LANGUAGE_STANDARD = gnu11;
				GCC_DYNAMIC_NO_PIC = NO;
				GCC_NO_COMMON_BLOCKS = YES;
				GCC_OPTIMIZATION_LEVEL = 0;
				GCC_PREPROCESSOR_DEFINITIONS = (
					"DEBUG=1",
					"$(inherited)",
				);
				GCC_WARN_64_TO_32_BIT_CONVERSION = YES;
				GCC_WARN_ABOUT_RETURN_TYPE = YES_ERROR;
				GCC_WARN_UNDECLARED_SELECTOR = YES;
				GCC_WARN_UNINITIALIZED_AUTOS = YES_AGGRESSIVE;
				GCC_WARN_UNUSED_FUNCTION = YES;
				GCC_WARN_UNUSED_VARIABLE = YES;
				IPHONEOS_DEPLOYMENT_TARGET = 14.3;
				MTL_ENABLE_DEBUG_INFO = INCLUDE_SOURCE;
				MTL_FAST_MATH = YES;
				ONLY_ACTIVE_ARCH = YES;
				SDKROOT = iphoneos;
				SWIFT_ACTIVE_COMPILATION_CONDITIONS = DEBUG;
				SWIFT_OPTIMIZATION_LEVEL = "-Onone";
			};
			name = Debug;
		};
		AA89203825FC046B0068B9DE /* Release */ = {
			isa = XCBuildConfiguration;
			buildSettings = {
				ALWAYS_SEARCH_USER_PATHS = NO;
				CLANG_ANALYZER_NONNULL = YES;
				CLANG_ANALYZER_NUMBER_OBJECT_CONVERSION = YES_AGGRESSIVE;
				CLANG_CXX_LANGUAGE_STANDARD = "gnu++14";
				CLANG_CXX_LIBRARY = "libc++";
				CLANG_ENABLE_MODULES = YES;
				CLANG_ENABLE_OBJC_ARC = YES;
				CLANG_ENABLE_OBJC_WEAK = YES;
				CLANG_WARN_BLOCK_CAPTURE_AUTORELEASING = YES;
				CLANG_WARN_BOOL_CONVERSION = YES;
				CLANG_WARN_COMMA = YES;
				CLANG_WARN_CONSTANT_CONVERSION = YES;
				CLANG_WARN_DEPRECATED_OBJC_IMPLEMENTATIONS = YES;
				CLANG_WARN_DIRECT_OBJC_ISA_USAGE = YES_ERROR;
				CLANG_WARN_DOCUMENTATION_COMMENTS = YES;
				CLANG_WARN_EMPTY_BODY = YES;
				CLANG_WARN_ENUM_CONVERSION = YES;
				CLANG_WARN_INFINITE_RECURSION = YES;
				CLANG_WARN_INT_CONVERSION = YES;
				CLANG_WARN_NON_LITERAL_NULL_CONVERSION = YES;
				CLANG_WARN_OBJC_IMPLICIT_RETAIN_SELF = YES;
				CLANG_WARN_OBJC_LITERAL_CONVERSION = YES;
				CLANG_WARN_OBJC_ROOT_CLASS = YES_ERROR;
				CLANG_WARN_QUOTED_INCLUDE_IN_FRAMEWORK_HEADER = YES;
				CLANG_WARN_RANGE_LOOP_ANALYSIS = YES;
				CLANG_WARN_STRICT_PROTOTYPES = YES;
				CLANG_WARN_SUSPICIOUS_MOVE = YES;
				CLANG_WARN_UNGUARDED_AVAILABILITY = YES_AGGRESSIVE;
				CLANG_WARN_UNREACHABLE_CODE = YES;
				CLANG_WARN__DUPLICATE_METHOD_MATCH = YES;
				COPY_PHASE_STRIP = NO;
				DEBUG_INFORMATION_FORMAT = "dwarf-with-dsym";
				ENABLE_NS_ASSERTIONS = NO;
				ENABLE_STRICT_OBJC_MSGSEND = YES;
				GCC_C_LANGUAGE_STANDARD = gnu11;
				GCC_NO_COMMON_BLOCKS = YES;
				GCC_WARN_64_TO_32_BIT_CONVERSION = YES;
				GCC_WARN_ABOUT_RETURN_TYPE = YES_ERROR;
				GCC_WARN_UNDECLARED_SELECTOR = YES;
				GCC_WARN_UNINITIALIZED_AUTOS = YES_AGGRESSIVE;
				GCC_WARN_UNUSED_FUNCTION = YES;
				GCC_WARN_UNUSED_VARIABLE = YES;
				IPHONEOS_DEPLOYMENT_TARGET = 14.3;
				MTL_ENABLE_DEBUG_INFO = NO;
				MTL_FAST_MATH = YES;
				SDKROOT = iphoneos;
				SWIFT_COMPILATION_MODE = wholemodule;
				SWIFT_OPTIMIZATION_LEVEL = "-O";
				VALIDATE_PRODUCT = YES;
			};
			name = Release;
		};
		AA89203A25FC046B0068B9DE /* Debug */ = {
			isa = XCBuildConfiguration;
			baseConfigurationReference = 79EB01BFDA0AFAFEF37F2D82 /* Pods-Parstagram.debug.xcconfig */;
			buildSettings = {
				ASSETCATALOG_COMPILER_APPICON_NAME = AppIcon;
				ASSETCATALOG_COMPILER_GLOBAL_ACCENT_COLOR_NAME = AccentColor;
				CODE_SIGN_STYLE = Automatic;
				DEVELOPMENT_TEAM = F2QU29R8NA;
				INFOPLIST_FILE = Parstagram/Info.plist;
				LD_RUNPATH_SEARCH_PATHS = (
					"$(inherited)",
					"@executable_path/Frameworks",
				);
				PRODUCT_BUNDLE_IDENTIFIER = steveroy126.Parstagram;
				PRODUCT_NAME = "$(TARGET_NAME)";
				SWIFT_VERSION = 5.0;
				TARGETED_DEVICE_FAMILY = "1,2";
			};
			name = Debug;
		};
		AA89203B25FC046B0068B9DE /* Release */ = {
			isa = XCBuildConfiguration;
			baseConfigurationReference = 1BF95CFD368A7236A23E91F5 /* Pods-Parstagram.release.xcconfig */;
			buildSettings = {
				ASSETCATALOG_COMPILER_APPICON_NAME = AppIcon;
				ASSETCATALOG_COMPILER_GLOBAL_ACCENT_COLOR_NAME = AccentColor;
				CODE_SIGN_STYLE = Automatic;
				DEVELOPMENT_TEAM = F2QU29R8NA;
				INFOPLIST_FILE = Parstagram/Info.plist;
				LD_RUNPATH_SEARCH_PATHS = (
					"$(inherited)",
					"@executable_path/Frameworks",
				);
				PRODUCT_BUNDLE_IDENTIFIER = steveroy126.Parstagram;
				PRODUCT_NAME = "$(TARGET_NAME)";
				SWIFT_VERSION = 5.0;
				TARGETED_DEVICE_FAMILY = "1,2";
			};
			name = Release;
		};
		AA89203D25FC046B0068B9DE /* Debug */ = {
			isa = XCBuildConfiguration;
			baseConfigurationReference = 9E33A33A86F13B3192526FC5 /* Pods-ParstagramTests.debug.xcconfig */;
			buildSettings = {
				ALWAYS_EMBED_SWIFT_STANDARD_LIBRARIES = YES;
				BUNDLE_LOADER = "$(TEST_HOST)";
				CODE_SIGN_STYLE = Automatic;
				DEVELOPMENT_TEAM = F2QU29R8NA;
				INFOPLIST_FILE = ParstagramTests/Info.plist;
				IPHONEOS_DEPLOYMENT_TARGET = 14.3;
				LD_RUNPATH_SEARCH_PATHS = (
					"$(inherited)",
					"@executable_path/Frameworks",
					"@loader_path/Frameworks",
				);
				PRODUCT_BUNDLE_IDENTIFIER = steveroy126.ParstagramTests;
				PRODUCT_NAME = "$(TARGET_NAME)";
				SWIFT_VERSION = 5.0;
				TARGETED_DEVICE_FAMILY = "1,2";
				TEST_HOST = "$(BUILT_PRODUCTS_DIR)/Parstagram.app/Parstagram";
			};
			name = Debug;
		};
		AA89203E25FC046B0068B9DE /* Release */ = {
			isa = XCBuildConfiguration;
			baseConfigurationReference = 248499E70CD98A90CB6F9F4F /* Pods-ParstagramTests.release.xcconfig */;
			buildSettings = {
				ALWAYS_EMBED_SWIFT_STANDARD_LIBRARIES = YES;
				BUNDLE_LOADER = "$(TEST_HOST)";
				CODE_SIGN_STYLE = Automatic;
				DEVELOPMENT_TEAM = F2QU29R8NA;
				INFOPLIST_FILE = ParstagramTests/Info.plist;
				IPHONEOS_DEPLOYMENT_TARGET = 14.3;
				LD_RUNPATH_SEARCH_PATHS = (
					"$(inherited)",
					"@executable_path/Frameworks",
					"@loader_path/Frameworks",
				);
				PRODUCT_BUNDLE_IDENTIFIER = steveroy126.ParstagramTests;
				PRODUCT_NAME = "$(TARGET_NAME)";
				SWIFT_VERSION = 5.0;
				TARGETED_DEVICE_FAMILY = "1,2";
				TEST_HOST = "$(BUILT_PRODUCTS_DIR)/Parstagram.app/Parstagram";
			};
			name = Release;
		};
		AA89204025FC046B0068B9DE /* Debug */ = {
			isa = XCBuildConfiguration;
			baseConfigurationReference = 42CBE31C5B9C4F9A8CBAECA2 /* Pods-Parstagram-ParstagramUITests.debug.xcconfig */;
			buildSettings = {
				ALWAYS_EMBED_SWIFT_STANDARD_LIBRARIES = YES;
				CODE_SIGN_STYLE = Automatic;
				DEVELOPMENT_TEAM = F2QU29R8NA;
				INFOPLIST_FILE = ParstagramUITests/Info.plist;
				LD_RUNPATH_SEARCH_PATHS = (
					"$(inherited)",
					"@executable_path/Frameworks",
					"@loader_path/Frameworks",
				);
				PRODUCT_BUNDLE_IDENTIFIER = steveroy126.ParstagramUITests;
				PRODUCT_NAME = "$(TARGET_NAME)";
				SWIFT_VERSION = 5.0;
				TARGETED_DEVICE_FAMILY = "1,2";
				TEST_TARGET_NAME = Parstagram;
			};
			name = Debug;
		};
		AA89204125FC046B0068B9DE /* Release */ = {
			isa = XCBuildConfiguration;
			baseConfigurationReference = 99166A0A9F2CFF3E852E0C6C /* Pods-Parstagram-ParstagramUITests.release.xcconfig */;
			buildSettings = {
				ALWAYS_EMBED_SWIFT_STANDARD_LIBRARIES = YES;
				CODE_SIGN_STYLE = Automatic;
				DEVELOPMENT_TEAM = F2QU29R8NA;
				INFOPLIST_FILE = ParstagramUITests/Info.plist;
				LD_RUNPATH_SEARCH_PATHS = (
					"$(inherited)",
					"@executable_path/Frameworks",
					"@loader_path/Frameworks",
				);
				PRODUCT_BUNDLE_IDENTIFIER = steveroy126.ParstagramUITests;
				PRODUCT_NAME = "$(TARGET_NAME)";
				SWIFT_VERSION = 5.0;
				TARGETED_DEVICE_FAMILY = "1,2";
				TEST_TARGET_NAME = Parstagram;
			};
			name = Release;
		};
/* End XCBuildConfiguration section */

/* Begin XCConfigurationList section */
		AA89200A25FC04690068B9DE /* Build configuration list for PBXProject "Parstagram" */ = {
			isa = XCConfigurationList;
			buildConfigurations = (
				AA89203725FC046B0068B9DE /* Debug */,
				AA89203825FC046B0068B9DE /* Release */,
			);
			defaultConfigurationIsVisible = 0;
			defaultConfigurationName = Release;
		};
		AA89203925FC046B0068B9DE /* Build configuration list for PBXNativeTarget "Parstagram" */ = {
			isa = XCConfigurationList;
			buildConfigurations = (
				AA89203A25FC046B0068B9DE /* Debug */,
				AA89203B25FC046B0068B9DE /* Release */,
			);
			defaultConfigurationIsVisible = 0;
			defaultConfigurationName = Release;
		};
		AA89203C25FC046B0068B9DE /* Build configuration list for PBXNativeTarget "ParstagramTests" */ = {
			isa = XCConfigurationList;
			buildConfigurations = (
				AA89203D25FC046B0068B9DE /* Debug */,
				AA89203E25FC046B0068B9DE /* Release */,
			);
			defaultConfigurationIsVisible = 0;
			defaultConfigurationName = Release;
		};
		AA89203F25FC046B0068B9DE /* Build configuration list for PBXNativeTarget "ParstagramUITests" */ = {
			isa = XCConfigurationList;
			buildConfigurations = (
				AA89204025FC046B0068B9DE /* Debug */,
				AA89204125FC046B0068B9DE /* Release */,
			);
			defaultConfigurationIsVisible = 0;
			defaultConfigurationName = Release;
		};
/* End XCConfigurationList section */
	};
	rootObject = AA89200725FC04690068B9DE /* Project object */;
}
